
Microsoft Visual Studio Solution File, Format Version 12.00
# Visual Studio Version 17
VisualStudioVersion = 17.4.33110.190
MinimumVisualStudioVersion = 10.0.40219.1
Project("{9A19103F-16F7-4668-BE54-9A1E7A4F7556}") = "Ciam", "Ciam\Ciam.csproj", "{A938FEF7-A0FC-4C0A-85A4-9C2E91AC9503}"
EndProject
Project("{2150E333-8FDC-42A3-9474-1A3956D46DE8}") = "Solution Items", "Solution Items", "{0F8BB1FB-B448-4528-9C9C-30FB85A5518E}"
	ProjectSection(SolutionItems) = preProject
		.github\workflows\dotnet.yml = .github\workflows\dotnet.yml
		README.md = README.md
	EndProjectSection
EndProject
Global
	GlobalSection(SolutionConfigurationPlatforms) = preSolution
		Debug|Any CPU = Debug|Any CPU
		Release|Any CPU = Release|Any CPU
	EndGlobalSection
	GlobalSection(ProjectConfigurationPlatforms) = postSolution
		{A938FEF7-A0FC-4C0A-85A4-9C2E91AC9503}.Debug|Any CPU.ActiveCfg = Debug|Any CPU
		{A938FEF7-A0FC-4C0A-85A4-9C2E91AC9503}.Debug|Any CPU.Build.0 = Debug|Any CPU
		{A938FEF7-A0FC-4C0A-85A4-9C2E91AC9503}.Release|Any CPU.ActiveCfg = Release|Any CPU
		{A938FEF7-A0FC-4C0A-85A4-9C2E91AC9503}.Release|Any CPU.Build.0 = Release|Any CPU
	EndGlobalSection
	GlobalSection(SolutionProperties) = preSolution
		HideSolutionNode = FALSE
	EndGlobalSection
	GlobalSection(ExtensibilityGlobals) = postSolution
		SolutionGuid = {4309FB10-E197-4A5A-B8CE-73353B5245A6}
	EndGlobalSection
EndGlobal
